
Microsoft Visual Studio Solution File, Format Version 12.00
# Visual Studio 2017
Project("{FAE04EC0-301F-11D3-BF4B-00C04F79EFBC}") = "FlappyBox", "FlappyBox.csproj", "{C2587B04-E8F8-31A9-7C94-684732BD4C8D}"
EndProject
Global
	GlobalSection(SolutionConfigurationPlatforms) = preSolution
		Debug|Any CPU = Debug|Any CPU
		Release|Any CPU = Release|Any CPU
	EndGlobalSection
	GlobalSection(ProjectConfigurationPlatforms) = postSolution
		{C2587B04-E8F8-31A9-7C94-684732BD4C8D}.Debug|Any CPU.ActiveCfg = Debug|Any CPU
		{C2587B04-E8F8-31A9-7C94-684732BD4C8D}.Debug|Any CPU.Build.0 = Debug|Any CPU
		{C2587B04-E8F8-31A9-7C94-684732BD4C8D}.Release|Any CPU.ActiveCfg = Release|Any CPU
		{C2587B04-E8F8-31A9-7C94-684732BD4C8D}.Release|Any CPU.Build.0 = Release|Any CPU
	EndGlobalSection
	GlobalSection(SolutionProperties) = preSolution
		HideSolutionNode = FALSE
	EndGlobalSection
EndGlobal
